// !$*UTF8*$!
{
	archiveVersion = 1;
	classes = {
	};
	objectVersion = 46;
	objects = {

/* Begin PBXBuildFile section */
		35BBD3DA19ABEFE7001D28CB /* main.m in Sources */ = {isa = PBXBuildFile; fileRef = 35BBD3D919ABEFE7001D28CB /* main.m */; };
		35BBD3DD19ABEFE7001D28CB /* AppDelegate.m in Sources */ = {isa = PBXBuildFile; fileRef = 35BBD3DC19ABEFE7001D28CB /* AppDelegate.m */; };
		35BBD3E619ABEFE7001D28CB /* Main.storyboard in Resources */ = {isa = PBXBuildFile; fileRef = 35BBD3E419ABEFE7001D28CB /* Main.storyboard */; };
		35BBD3E819ABEFE7001D28CB /* Images.xcassets in Resources */ = {isa = PBXBuildFile; fileRef = 35BBD3E719ABEFE7001D28CB /* Images.xcassets */; };
		35BBD3F419ABEFE8001D28CB /* MatchMeTests.m in Sources */ = {isa = PBXBuildFile; fileRef = 35BBD3F319ABEFE8001D28CB /* MatchMeTests.m */; };
		35BBD3FF19ABF45D001D28CB /* YILoginViewController.m in Sources */ = {isa = PBXBuildFile; fileRef = 35BBD3FE19ABF45D001D28CB /* YILoginViewController.m */; };
		35BBD40319AC38C5001D28CB /* YIConstants.m in Sources */ = {isa = PBXBuildFile; fileRef = 35BBD40219AC38C5001D28CB /* YIConstants.m */; };
		35BBD40719AD7589001D28CB /* YIHomeViewController.m in Sources */ = {isa = PBXBuildFile; fileRef = 35BBD40619AD7589001D28CB /* YIHomeViewController.m */; };
		35BBD40C19AD7CD6001D28CB /* YISettingsViewController.m in Sources */ = {isa = PBXBuildFile; fileRef = 35BBD40B19AD7CD6001D28CB /* YISettingsViewController.m */; };
		35BBD41019AD89F7001D28CB /* YIEditProfileViewController.m in Sources */ = {isa = PBXBuildFile; fileRef = 35BBD40F19AD89F7001D28CB /* YIEditProfileViewController.m */; };
		35BBD41419AD8D3B001D28CB /* YIProfileViewController.m in Sources */ = {isa = PBXBuildFile; fileRef = 35BBD41319AD8D3B001D28CB /* YIProfileViewController.m */; };
		35BBD41819AEDB45001D28CB /* YITestUser.m in Sources */ = {isa = PBXBuildFile; fileRef = 35BBD41719AEDB45001D28CB /* YITestUser.m */; };
		35BBD41C19AEDC95001D28CB /* ProfileImage1.jpg in Resources */ = {isa = PBXBuildFile; fileRef = 35BBD41B19AEDC95001D28CB /* ProfileImage1.jpg */; };
		BD7B60721CAF425AB721F3E6 /* libPods.a in Frameworks */ = {isa = PBXBuildFile; fileRef = 017EBBDD41B0434EB8F23933 /* libPods.a */; };
/* End PBXBuildFile section */

/* Begin PBXContainerItemProxy section */
		35BBD3EE19ABEFE8001D28CB /* PBXContainerItemProxy */ = {
			isa = PBXContainerItemProxy;
			containerPortal = 35BBD3CC19ABEFE7001D28CB /* Project object */;
			proxyType = 1;
			remoteGlobalIDString = 35BBD3D319ABEFE7001D28CB;
			remoteInfo = MatchMe;
		};
/* End PBXContainerItemProxy section */

/* Begin PBXFileReference section */
		017EBBDD41B0434EB8F23933 /* libPods.a */ = {isa = PBXFileReference; explicitFileType = archive.ar; includeInIndex = 0; path = libPods.a; sourceTree = BUILT_PRODUCTS_DIR; };
		35BBD3D419ABEFE7001D28CB /* MatchMe.app */ = {isa = PBXFileReference; explicitFileType = wrapper.application; includeInIndex = 0; path = MatchMe.app; sourceTree = BUILT_PRODUCTS_DIR; };
		35BBD3D819ABEFE7001D28CB /* Info.plist */ = {isa = PBXFileReference; lastKnownFileType = text.plist.xml; path = Info.plist; sourceTree = "<group>"; };
		35BBD3D919ABEFE7001D28CB /* main.m */ = {isa = PBXFileReference; lastKnownFileType = sourcecode.c.objc; path = main.m; sourceTree = "<group>"; };
		35BBD3DB19ABEFE7001D28CB /* AppDelegate.h */ = {isa = PBXFileReference; lastKnownFileType = sourcecode.c.h; path = AppDelegate.h; sourceTree = "<group>"; };
		35BBD3DC19ABEFE7001D28CB /* AppDelegate.m */ = {isa = PBXFileReference; lastKnownFileType = sourcecode.c.objc; path = AppDelegate.m; sourceTree = "<group>"; };
		35BBD3E519ABEFE7001D28CB /* Base */ = {isa = PBXFileReference; lastKnownFileType = file.storyboard; name = Base; path = Base.lproj/Main.storyboard; sourceTree = "<group>"; };
		35BBD3E719ABEFE7001D28CB /* Images.xcassets */ = {isa = PBXFileReference; lastKnownFileType = folder.assetcatalog; path = Images.xcassets; sourceTree = "<group>"; };
		35BBD3ED19ABEFE8001D28CB /* MatchMeTests.xctest */ = {isa = PBXFileReference; explicitFileType = wrapper.cfbundle; includeInIndex = 0; path = MatchMeTests.xctest; sourceTree = BUILT_PRODUCTS_DIR; };
		35BBD3F219ABEFE8001D28CB /* Info.plist */ = {isa = PBXFileReference; lastKnownFileType = text.plist.xml; path = Info.plist; sourceTree = "<group>"; };
		35BBD3F319ABEFE8001D28CB /* MatchMeTests.m */ = {isa = PBXFileReference; lastKnownFileType = sourcecode.c.objc; path = MatchMeTests.m; sourceTree = "<group>"; };
		35BBD3FD19ABF45D001D28CB /* YILoginViewController.h */ = {isa = PBXFileReference; fileEncoding = 4; lastKnownFileType = sourcecode.c.h; path = YILoginViewController.h; sourceTree = "<group>"; };
		35BBD3FE19ABF45D001D28CB /* YILoginViewController.m */ = {isa = PBXFileReference; fileEncoding = 4; lastKnownFileType = sourcecode.c.objc; path = YILoginViewController.m; sourceTree = "<group>"; };
		35BBD40119AC38C5001D28CB /* YIConstants.h */ = {isa = PBXFileReference; fileEncoding = 4; lastKnownFileType = sourcecode.c.h; path = YIConstants.h; sourceTree = "<group>"; };
		35BBD40219AC38C5001D28CB /* YIConstants.m */ = {isa = PBXFileReference; fileEncoding = 4; lastKnownFileType = sourcecode.c.objc; path = YIConstants.m; sourceTree = "<group>"; };
		35BBD40519AD7589001D28CB /* YIHomeViewController.h */ = {isa = PBXFileReference; fileEncoding = 4; lastKnownFileType = sourcecode.c.h; path = YIHomeViewController.h; sourceTree = "<group>"; };
		35BBD40619AD7589001D28CB /* YIHomeViewController.m */ = {isa = PBXFileReference; fileEncoding = 4; lastKnownFileType = sourcecode.c.objc; path = YIHomeViewController.m; sourceTree = "<group>"; };
		35BBD40A19AD7CD6001D28CB /* YISettingsViewController.h */ = {isa = PBXFileReference; fileEncoding = 4; lastKnownFileType = sourcecode.c.h; path = YISettingsViewController.h; sourceTree = "<group>"; };
		35BBD40B19AD7CD6001D28CB /* YISettingsViewController.m */ = {isa = PBXFileReference; fileEncoding = 4; lastKnownFileType = sourcecode.c.objc; path = YISettingsViewController.m; sourceTree = "<group>"; };
		35BBD40E19AD89F7001D28CB /* YIEditProfileViewController.h */ = {isa = PBXFileReference; fileEncoding = 4; lastKnownFileType = sourcecode.c.h; path = YIEditProfileViewController.h; sourceTree = "<group>"; };
		35BBD40F19AD89F7001D28CB /* YIEditProfileViewController.m */ = {isa = PBXFileReference; fileEncoding = 4; lastKnownFileType = sourcecode.c.objc; path = YIEditProfileViewController.m; sourceTree = "<group>"; };
		35BBD41219AD8D3B001D28CB /* YIProfileViewController.h */ = {isa = PBXFileReference; fileEncoding = 4; lastKnownFileType = sourcecode.c.h; path = YIProfileViewController.h; sourceTree = "<group>"; };
		35BBD41319AD8D3B001D28CB /* YIProfileViewController.m */ = {isa = PBXFileReference; fileEncoding = 4; lastKnownFileType = sourcecode.c.objc; path = YIProfileViewController.m; sourceTree = "<group>"; };
		35BBD41619AEDB45001D28CB /* YITestUser.h */ = {isa = PBXFileReference; fileEncoding = 4; lastKnownFileType = sourcecode.c.h; path = YITestUser.h; sourceTree = "<group>"; };
		35BBD41719AEDB45001D28CB /* YITestUser.m */ = {isa = PBXFileReference; fileEncoding = 4; lastKnownFileType = sourcecode.c.objc; path = YITestUser.m; sourceTree = "<group>"; };
		35BBD41B19AEDC95001D28CB /* ProfileImage1.jpg */ = {isa = PBXFileReference; lastKnownFileType = image.jpeg; path = ProfileImage1.jpg; sourceTree = "<group>"; };
		8667B984B39C4828957146BD /* Pods.xcconfig */ = {isa = PBXFileReference; includeInIndex = 1; lastKnownFileType = text.xcconfig; name = Pods.xcconfig; path = Pods/Pods.xcconfig; sourceTree = "<group>"; };
/* End PBXFileReference section */

/* Begin PBXFrameworksBuildPhase section */
		35BBD3D119ABEFE7001D28CB /* Frameworks */ = {
			isa = PBXFrameworksBuildPhase;
			buildActionMask = 2147483647;
			files = (
				BD7B60721CAF425AB721F3E6 /* libPods.a in Frameworks */,
			);
			runOnlyForDeploymentPostprocessing = 0;
		};
		35BBD3EA19ABEFE8001D28CB /* Frameworks */ = {
			isa = PBXFrameworksBuildPhase;
			buildActionMask = 2147483647;
			files = (
			);
			runOnlyForDeploymentPostprocessing = 0;
		};
/* End PBXFrameworksBuildPhase section */

/* Begin PBXGroup section */
		35BBD3CB19ABEFE7001D28CB = {
			isa = PBXGroup;
			children = (
				35BBD3D619ABEFE7001D28CB /* MatchMe */,
				35BBD3F019ABEFE8001D28CB /* MatchMeTests */,
				35BBD3D519ABEFE7001D28CB /* Products */,
				8667B984B39C4828957146BD /* Pods.xcconfig */,
				865BC397750D4355B8E5B386 /* Frameworks */,
			);
			sourceTree = "<group>";
		};
		35BBD3D519ABEFE7001D28CB /* Products */ = {
			isa = PBXGroup;
			children = (
				35BBD3D419ABEFE7001D28CB /* MatchMe.app */,
				35BBD3ED19ABEFE8001D28CB /* MatchMeTests.xctest */,
			);
			name = Products;
			sourceTree = "<group>";
		};
		35BBD3D619ABEFE7001D28CB /* MatchMe */ = {
			isa = PBXGroup;
			children = (
				35BBD3E419ABEFE7001D28CB /* Main.storyboard */,
				35BBD40019ABF4D5001D28CB /* Login */,
				35BBD40419AD7548001D28CB /* Home */,
				35BBD40919AD7CC2001D28CB /* Settings */,
				35BBD40D19AD89C4001D28CB /* Edit Profile */,
				35BBD41119AD8D1D001D28CB /* Profile */,
				35BBD41519AED8C9001D28CB /* Create Parse User */,
				35BBD3DB19ABEFE7001D28CB /* AppDelegate.h */,
				35BBD3DC19ABEFE7001D28CB /* AppDelegate.m */,
				35BBD3E719ABEFE7001D28CB /* Images.xcassets */,
				35BBD3D719ABEFE7001D28CB /* Supporting Files */,
			);
			path = MatchMe;
			sourceTree = "<group>";
		};
		35BBD3D719ABEFE7001D28CB /* Supporting Files */ = {
			isa = PBXGroup;
			children = (
				35BBD3D819ABEFE7001D28CB /* Info.plist */,
				35BBD3D919ABEFE7001D28CB /* main.m */,
				35BBD40119AC38C5001D28CB /* YIConstants.h */,
				35BBD40219AC38C5001D28CB /* YIConstants.m */,
				35BBD41919AEDB72001D28CB /* Assets */,
			);
			name = "Supporting Files";
			sourceTree = "<group>";
		};
		35BBD3F019ABEFE8001D28CB /* MatchMeTests */ = {
			isa = PBXGroup;
			children = (
				35BBD3F319ABEFE8001D28CB /* MatchMeTests.m */,
				35BBD3F119ABEFE8001D28CB /* Supporting Files */,
			);
			path = MatchMeTests;
			sourceTree = "<group>";
		};
		35BBD3F119ABEFE8001D28CB /* Supporting Files */ = {
			isa = PBXGroup;
			children = (
				35BBD3F219ABEFE8001D28CB /* Info.plist */,
			);
			name = "Supporting Files";
			sourceTree = "<group>";
		};
		35BBD40019ABF4D5001D28CB /* Login */ = {
			isa = PBXGroup;
			children = (
				35BBD3FD19ABF45D001D28CB /* YILoginViewController.h */,
				35BBD3FE19ABF45D001D28CB /* YILoginViewController.m */,
			);
			name = Login;
			sourceTree = "<group>";
		};
		35BBD40419AD7548001D28CB /* Home */ = {
			isa = PBXGroup;
			children = (
				35BBD40519AD7589001D28CB /* YIHomeViewController.h */,
				35BBD40619AD7589001D28CB /* YIHomeViewController.m */,
			);
			name = Home;
			sourceTree = "<group>";
		};
		35BBD40919AD7CC2001D28CB /* Settings */ = {
			isa = PBXGroup;
			children = (
				35BBD40A19AD7CD6001D28CB /* YISettingsViewController.h */,
				35BBD40B19AD7CD6001D28CB /* YISettingsViewController.m */,
			);
			name = Settings;
			sourceTree = "<group>";
		};
		35BBD40D19AD89C4001D28CB /* Edit Profile */ = {
			isa = PBXGroup;
			children = (
				35BBD40E19AD89F7001D28CB /* YIEditProfileViewController.h */,
				35BBD40F19AD89F7001D28CB /* YIEditProfileViewController.m */,
			);
			name = "Edit Profile";
			sourceTree = "<group>";
		};
		35BBD41119AD8D1D001D28CB /* Profile */ = {
			isa = PBXGroup;
			children = (
				35BBD41219AD8D3B001D28CB /* YIProfileViewController.h */,
				35BBD41319AD8D3B001D28CB /* YIProfileViewController.m */,
			);
			name = Profile;
			sourceTree = "<group>";
		};
		35BBD41519AED8C9001D28CB /* Create Parse User */ = {
			isa = PBXGroup;
			children = (
				35BBD41619AEDB45001D28CB /* YITestUser.h */,
				35BBD41719AEDB45001D28CB /* YITestUser.m */,
			);
			name = "Create Parse User";
			sourceTree = "<group>";
		};
		35BBD41919AEDB72001D28CB /* Assets */ = {
			isa = PBXGroup;
			children = (
				35BBD41A19AEDB7F001D28CB /* Images */,
			);
			name = Assets;
			sourceTree = "<group>";
		};
		35BBD41A19AEDB7F001D28CB /* Images */ = {
			isa = PBXGroup;
			children = (
				35BBD41B19AEDC95001D28CB /* ProfileImage1.jpg */,
			);
			name = Images;
			sourceTree = "<group>";
		};
		865BC397750D4355B8E5B386 /* Frameworks */ = {
			isa = PBXGroup;
			children = (
				017EBBDD41B0434EB8F23933 /* libPods.a */,
			);
			name = Frameworks;
			sourceTree = "<group>";
		};
/* End PBXGroup section */

/* Begin PBXNativeTarget section */
		35BBD3D319ABEFE7001D28CB /* MatchMe */ = {
			isa = PBXNativeTarget;
			buildConfigurationList = 35BBD3F719ABEFE8001D28CB /* Build configuration list for PBXNativeTarget "MatchMe" */;
			buildPhases = (
				F4E70509A740493FA96AB840 /* Check Pods Manifest.lock */,
				35BBD3D019ABEFE7001D28CB /* Sources */,
				35BBD3D119ABEFE7001D28CB /* Frameworks */,
				35BBD3D219ABEFE7001D28CB /* Resources */,
				BD2CDCC5BE9643AC8AC218DF /* Copy Pods Resources */,
			);
			buildRules = (
			);
			dependencies = (
			);
			name = MatchMe;
			productName = MatchMe;
			productReference = 35BBD3D419ABEFE7001D28CB /* MatchMe.app */;
			productType = "com.apple.product-type.application";
		};
		35BBD3EC19ABEFE8001D28CB /* MatchMeTests */ = {
			isa = PBXNativeTarget;
			buildConfigurationList = 35BBD3FA19ABEFE8001D28CB /* Build configuration list for PBXNativeTarget "MatchMeTests" */;
			buildPhases = (
				35BBD3E919ABEFE8001D28CB /* Sources */,
				35BBD3EA19ABEFE8001D28CB /* Frameworks */,
				35BBD3EB19ABEFE8001D28CB /* Resources */,
			);
			buildRules = (
			);
			dependencies = (
				35BBD3EF19ABEFE8001D28CB /* PBXTargetDependency */,
			);
			name = MatchMeTests;
			productName = MatchMeTests;
			productReference = 35BBD3ED19ABEFE8001D28CB /* MatchMeTests.xctest */;
			productType = "com.apple.product-type.bundle.unit-test";
		};
/* End PBXNativeTarget section */

/* Begin PBXProject section */
		35BBD3CC19ABEFE7001D28CB /* Project object */ = {
			isa = PBXProject;
			attributes = {
				LastUpgradeCheck = 0600;
				ORGANIZATIONNAME = Yi;
				TargetAttributes = {
					35BBD3D319ABEFE7001D28CB = {
						CreatedOnToolsVersion = 6.0;
					};
					35BBD3EC19ABEFE8001D28CB = {
						CreatedOnToolsVersion = 6.0;
						TestTargetID = 35BBD3D319ABEFE7001D28CB;
					};
				};
			};
			buildConfigurationList = 35BBD3CF19ABEFE7001D28CB /* Build configuration list for PBXProject "MatchMe" */;
			compatibilityVersion = "Xcode 3.2";
			developmentRegion = English;
			hasScannedForEncodings = 0;
			knownRegions = (
				en,
				Base,
			);
			mainGroup = 35BBD3CB19ABEFE7001D28CB;
			productRefGroup = 35BBD3D519ABEFE7001D28CB /* Products */;
			projectDirPath = "";
			projectRoot = "";
			targets = (
				35BBD3D319ABEFE7001D28CB /* MatchMe */,
				35BBD3EC19ABEFE8001D28CB /* MatchMeTests */,
			);
		};
/* End PBXProject section */

/* Begin PBXResourcesBuildPhase section */
		35BBD3D219ABEFE7001D28CB /* Resources */ = {
			isa = PBXResourcesBuildPhase;
			buildActionMask = 2147483647;
			files = (
				35BBD41C19AEDC95001D28CB /* ProfileImage1.jpg in Resources */,
				35BBD3E619ABEFE7001D28CB /* Main.storyboard in Resources */,
				35BBD3E819ABEFE7001D28CB /* Images.xcassets in Resources */,
			);
			runOnlyForDeploymentPostprocessing = 0;
		};
		35BBD3EB19ABEFE8001D28CB /* Resources */ = {
			isa = PBXResourcesBuildPhase;
			buildActionMask = 2147483647;
			files = (
			);
			runOnlyForDeploymentPostprocessing = 0;
		};
/* End PBXResourcesBuildPhase section */

/* Begin PBXShellScriptBuildPhase section */
		BD2CDCC5BE9643AC8AC218DF /* Copy Pods Resources */ = {
			isa = PBXShellScriptBuildPhase;
			buildActionMask = 2147483647;
			files = (
			);
			inputPaths = (
			);
			name = "Copy Pods Resources";
			outputPaths = (
			);
			runOnlyForDeploymentPostprocessing = 0;
			shellPath = /bin/sh;
			shellScript = "\"${SRCROOT}/Pods/Pods-resources.sh\"\n";
			showEnvVarsInLog = 0;
		};
		F4E70509A740493FA96AB840 /* Check Pods Manifest.lock */ = {
			isa = PBXShellScriptBuildPhase;
			buildActionMask = 2147483647;
			files = (
			);
			inputPaths = (
			);
			name = "Check Pods Manifest.lock";
			outputPaths = (
			);
			runOnlyForDeploymentPostprocessing = 0;
			shellPath = /bin/sh;
			shellScript = "diff \"${PODS_ROOT}/../Podfile.lock\" \"${PODS_ROOT}/Manifest.lock\" > /dev/null\nif [[ $? != 0 ]] ; then\n    cat << EOM\nerror: The sandbox is not in sync with the Podfile.lock. Run 'pod install' or update your CocoaPods installation.\nEOM\n    exit 1\nfi\n";
			showEnvVarsInLog = 0;
		};
/* End PBXShellScriptBuildPhase section */

/* Begin PBXSourcesBuildPhase section */
		35BBD3D019ABEFE7001D28CB /* Sources */ = {
			isa = PBXSourcesBuildPhase;
			buildActionMask = 2147483647;
			files = (
				35BBD41019AD89F7001D28CB /* YIEditProfileViewController.m in Sources */,
				35BBD40319AC38C5001D28CB /* YIConstants.m in Sources */,
				35BBD3DD19ABEFE7001D28CB /* AppDelegate.m in Sources */,
				35BBD3DA19ABEFE7001D28CB /* main.m in Sources */,
				35BBD40C19AD7CD6001D28CB /* YISettingsViewController.m in Sources */,
				35BBD40719AD7589001D28CB /* YIHomeViewController.m in Sources */,
				35BBD41419AD8D3B001D28CB /* YIProfileViewController.m in Sources */,
				35BBD3FF19ABF45D001D28CB /* YILoginViewController.m in Sources */,
				35BBD41819AEDB45001D28CB /* YITestUser.m in Sources */,
			);
			runOnlyForDeploymentPostprocessing = 0;
		};
		35BBD3E919ABEFE8001D28CB /* Sources */ = {
			isa = PBXSourcesBuildPhase;
			buildActionMask = 2147483647;
			files = (
				35BBD3F419ABEFE8001D28CB /* MatchMeTests.m in Sources */,
			);
			runOnlyForDeploymentPostprocessing = 0;
		};
/* End PBXSourcesBuildPhase section */

/* Begin PBXTargetDependency section */
		35BBD3EF19ABEFE8001D28CB /* PBXTargetDependency */ = {
			isa = PBXTargetDependency;
			target = 35BBD3D319ABEFE7001D28CB /* MatchMe */;
			targetProxy = 35BBD3EE19ABEFE8001D28CB /* PBXContainerItemProxy */;
		};
/* End PBXTargetDependency section */

/* Begin PBXVariantGroup section */
		35BBD3E419ABEFE7001D28CB /* Main.storyboard */ = {
			isa = PBXVariantGroup;
			children = (
				35BBD3E519ABEFE7001D28CB /* Base */,
			);
			name = Main.storyboard;
			sourceTree = "<group>";
		};
/* End PBXVariantGroup section */

/* Begin XCBuildConfiguration section */
		35BBD3F519ABEFE8001D28CB /* Debug */ = {
			isa = XCBuildConfiguration;
			buildSettings = {
				ALWAYS_SEARCH_USER_PATHS = NO;
				CLANG_CXX_LANGUAGE_STANDARD = "gnu++0x";
				CLANG_CXX_LIBRARY = "libc++";
				CLANG_ENABLE_MODULES = YES;
				CLANG_ENABLE_OBJC_ARC = YES;
				CLANG_WARN_BOOL_CONVERSION = YES;
				CLANG_WARN_CONSTANT_CONVERSION = YES;
				CLANG_WARN_DIRECT_OBJC_ISA_USAGE = YES_ERROR;
				CLANG_WARN_EMPTY_BODY = YES;
				CLANG_WARN_ENUM_CONVERSION = YES;
				CLANG_WARN_INT_CONVERSION = YES;
				CLANG_WARN_OBJC_ROOT_CLASS = YES_ERROR;
				CLANG_WARN_UNREACHABLE_CODE = YES;
				CLANG_WARN__DUPLICATE_METHOD_MATCH = YES;
				"CODE_SIGN_IDENTITY[sdk=iphoneos*]" = "iPhone Developer";
				COPY_PHASE_STRIP = NO;
				ENABLE_STRICT_OBJC_MSGSEND = YES;
				GCC_C_LANGUAGE_STANDARD = gnu99;
				GCC_DYNAMIC_NO_PIC = NO;
				GCC_OPTIMIZATION_LEVEL = 0;
				GCC_PREPROCESSOR_DEFINITIONS = (
					"DEBUG=1",
					"$(inherited)",
				);
				GCC_SYMBOLS_PRIVATE_EXTERN = NO;
				GCC_WARN_64_TO_32_BIT_CONVERSION = YES;
				GCC_WARN_ABOUT_RETURN_TYPE = YES_ERROR;
				GCC_WARN_UNDECLARED_SELECTOR = YES;
				GCC_WARN_UNINITIALIZED_AUTOS = YES_AGGRESSIVE;
				GCC_WARN_UNUSED_FUNCTION = YES;
				GCC_WARN_UNUSED_VARIABLE = YES;
				IPHONEOS_DEPLOYMENT_TARGET = 8.0;
				MTL_ENABLE_DEBUG_INFO = YES;
				ONLY_ACTIVE_ARCH = YES;
				SDKROOT = iphoneos;
			};
			name = Debug;
		};
		35BBD3F619ABEFE8001D28CB /* Release */ = {
			isa = XCBuildConfiguration;
			buildSettings = {
				ALWAYS_SEARCH_USER_PATHS = NO;
				CLANG_CXX_LANGUAGE_STANDARD = "gnu++0x";
				CLANG_CXX_LIBRARY = "libc++";
				CLANG_ENABLE_MODULES = YES;
				CLANG_ENABLE_OBJC_ARC = YES;
				CLANG_WARN_BOOL_CONVERSION = YES;
				CLANG_WARN_CONSTANT_CONVERSION = YES;
				CLANG_WARN_DIRECT_OBJC_ISA_USAGE = YES_ERROR;
				CLANG_WARN_EMPTY_BODY = YES;
				CLANG_WARN_ENUM_CONVERSION = YES;
				CLANG_WARN_INT_CONVERSION = YES;
				CLANG_WARN_OBJC_ROOT_CLASS = YES_ERROR;
				CLANG_WARN_UNREACHABLE_CODE = YES;
				CLANG_WARN__DUPLICATE_METHOD_MATCH = YES;
				"CODE_SIGN_IDENTITY[sdk=iphoneos*]" = "iPhone Developer";
				COPY_PHASE_STRIP = YES;
				ENABLE_NS_ASSERTIONS = NO;
				ENABLE_STRICT_OBJC_MSGSEND = YES;
				GCC_C_LANGUAGE_STANDARD = gnu99;
				GCC_WARN_64_TO_32_BIT_CONVERSION = YES;
				GCC_WARN_ABOUT_RETURN_TYPE = YES_ERROR;
				GCC_WARN_UNDECLARED_SELECTOR = YES;
				GCC_WARN_UNINITIALIZED_AUTOS = YES_AGGRESSIVE;
				GCC_WARN_UNUSED_FUNCTION = YES;
				GCC_WARN_UNUSED_VARIABLE = YES;
				IPHONEOS_DEPLOYMENT_TARGET = 8.0;
				MTL_ENABLE_DEBUG_INFO = NO;
				SDKROOT = iphoneos;
				VALIDATE_PRODUCT = YES;
			};
			name = Release;
		};
		35BBD3F819ABEFE8001D28CB /* Debug */ = {
			isa = XCBuildConfiguration;
			baseConfigurationReference = 8667B984B39C4828957146BD /* Pods.xcconfig */;
			buildSettings = {
				ASSETCATALOG_COMPILER_APPICON_NAME = AppIcon;
				ASSETCATALOG_COMPILER_LAUNCHIMAGE_NAME = LaunchImage;
				INFOPLIST_FILE = MatchMe/Info.plist;
				LD_RUNPATH_SEARCH_PATHS = "$(inherited) @executable_path/Frameworks";
				PRODUCT_NAME = "$(TARGET_NAME)";
			};
			name = Debug;
		};
		35BBD3F919ABEFE8001D28CB /* Release */ = {
			isa = XCBuildConfiguration;
			baseConfigurationReference = 8667B984B39C4828957146BD /* Pods.xcconfig */;
			buildSettings = {
				ASSETCATALOG_COMPILER_APPICON_NAME = AppIcon;
				ASSETCATALOG_COMPILER_LAUNCHIMAGE_NAME = LaunchImage;
				INFOPLIST_FILE = MatchMe/Info.plist;
				LD_RUNPATH_SEARCH_PATHS = "$(inherited) @executable_path/Frameworks";
				PRODUCT_NAME = "$(TARGET_NAME)";
			};
			name = Release;
		};
		35BBD3FB19ABEFE8001D28CB /* Debug */ = {
			isa = XCBuildConfiguration;
			buildSettings = {
				BUNDLE_LOADER = "$(TEST_HOST)";
				FRAMEWORK_SEARCH_PATHS = (
					"$(SDKROOT)/Developer/Library/Frameworks",
					"$(inherited)",
				);
				GCC_PREPROCESSOR_DEFINITIONS = (
					"DEBUG=1",
					"$(inherited)",
				);
				INFOPLIST_FILE = MatchMeTests/Info.plist;
				LD_RUNPATH_SEARCH_PATHS = "$(inherited) @executable_path/Frameworks @loader_path/Frameworks";
				PRODUCT_NAME = "$(TARGET_NAME)";
				TEST_HOST = "$(BUILT_PRODUCTS_DIR)/MatchMe.app/MatchMe";
			};
			name = Debug;
		};
		35BBD3FC19ABEFE8001D28CB /* Release */ = {
			isa = XCBuildConfiguration;
			buildSettings = {
				BUNDLE_LOADER = "$(TEST_HOST)";
				FRAMEWORK_SEARCH_PATHS = (
					"$(SDKROOT)/Developer/Library/Frameworks",
					"$(inherited)",
				);
				INFOPLIST_FILE = MatchMeTests/Info.plist;
				LD_RUNPATH_SEARCH_PATHS = "$(inherited) @executable_path/Frameworks @loader_path/Frameworks";
				PRODUCT_NAME = "$(TARGET_NAME)";
				TEST_HOST = "$(BUILT_PRODUCTS_DIR)/MatchMe.app/MatchMe";
			};
			name = Release;
		};
/* End XCBuildConfiguration section */

/* Begin XCConfigurationList section */
		35BBD3CF19ABEFE7001D28CB /* Build configuration list for PBXProject "MatchMe" */ = {
			isa = XCConfigurationList;
			buildConfigurations = (
				35BBD3F519ABEFE8001D28CB /* Debug */,
				35BBD3F619ABEFE8001D28CB /* Release */,
			);
			defaultConfigurationIsVisible = 0;
			defaultConfigurationName = Release;
		};
		35BBD3F719ABEFE8001D28CB /* Build configuration list for PBXNativeTarget "MatchMe" */ = {
			isa = XCConfigurationList;
			buildConfigurations = (
				35BBD3F819ABEFE8001D28CB /* Debug */,
				35BBD3F919ABEFE8001D28CB /* Release */,
			);
			defaultConfigurationIsVisible = 0;
			defaultConfigurationName = Release;
		};
		35BBD3FA19ABEFE8001D28CB /* Build configuration list for PBXNativeTarget "MatchMeTests" */ = {
			isa = XCConfigurationList;
			buildConfigurations = (
				35BBD3FB19ABEFE8001D28CB /* Debug */,
				35BBD3FC19ABEFE8001D28CB /* Release */,
			);
			defaultConfigurationIsVisible = 0;
			defaultConfigurationName = Release;
		};
/* End XCConfigurationList section */
	};
	rootObject = 35BBD3CC19ABEFE7001D28CB /* Project object */;
}
